
Microsoft Visual Studio Solution File, Format Version 12.00
# Visual Studio Version 16
VisualStudioVersion = 16.0.31702.278
MinimumVisualStudioVersion = 10.0.40219.1
Project("{FAE04EC0-301F-11D3-BF4B-00C04F79EFBC}") = "Calculator", "Calculator.csproj", "{24AB91E7-DCC5-4F71-A7DE-A9B78543AE89}"
EndProject
Project("{FAE04EC0-301F-11D3-BF4B-00C04F79EFBC}") = "CalculatorTests", "..\CalculatorTests\CalculatorTests.csproj", "{6F2AEF31-A65E-49CF-9D36-315F70E4B948}"
EndProject
Global
	GlobalSection(SolutionConfigurationPlatforms) = preSolution
		Debug|Any CPU = Debug|Any CPU
		Release|Any CPU = Release|Any CPU
	EndGlobalSection
	GlobalSection(ProjectConfigurationPlatforms) = postSolution
		{24AB91E7-DCC5-4F71-A7DE-A9B78543AE89}.Debug|Any CPU.ActiveCfg = Debug|Any CPU
		{24AB91E7-DCC5-4F71-A7DE-A9B78543AE89}.Debug|Any CPU.Build.0 = Debug|Any CPU
		{24AB91E7-DCC5-4F71-A7DE-A9B78543AE89}.Release|Any CPU.ActiveCfg = Release|Any CPU
		{24AB91E7-DCC5-4F71-A7DE-A9B78543AE89}.Release|Any CPU.Build.0 = Release|Any CPU
		{6F2AEF31-A65E-49CF-9D36-315F70E4B948}.Debug|Any CPU.ActiveCfg = Debug|Any CPU
		{6F2AEF31-A65E-49CF-9D36-315F70E4B948}.Debug|Any CPU.Build.0 = Debug|Any CPU
		{6F2AEF31-A65E-49CF-9D36-315F70E4B948}.Release|Any CPU.ActiveCfg = Release|Any CPU
		{6F2AEF31-A65E-49CF-9D36-315F70E4B948}.Release|Any CPU.Build.0 = Release|Any CPU
	EndGlobalSection
	GlobalSection(SolutionProperties) = preSolution
		HideSolutionNode = FALSE
	EndGlobalSection
	GlobalSection(ExtensibilityGlobals) = postSolution
		SolutionGuid = {904F6473-C44E-49C6-9886-24B1F1B9DD94}
	EndGlobalSection
EndGlobal
